
Microsoft Visual Studio Solution File, Format Version 12.00
# Visual Studio Version 16
VisualStudioVersion = 16.0.29123.88
MinimumVisualStudioVersion = 10.0.40219.1
Project("{FAE04EC0-301F-11D3-BF4B-00C04F79EFBC}") = "HRIS.PL", "HRIS.PL\HRIS.PL.csproj", "{11127A19-373B-41A5-976F-A314052EB036}"
EndProject
Project("{9A19103F-16F7-4668-BE54-9A1E7A4F7556}") = "HRIS.EL", "HRIS.EL\HRIS.EL.csproj", "{93760846-F305-43C7-88EE-2A38F0886951}"
EndProject
Project("{9A19103F-16F7-4668-BE54-9A1E7A4F7556}") = "HRIS.DL", "HRIS.DL\HRIS.DL.csproj", "{92C7943C-3EAC-48E3-BF57-496961C7C41A}"
EndProject
Project("{9A19103F-16F7-4668-BE54-9A1E7A4F7556}") = "HRIS.BL", "HRIS.BL\HRIS.BL.csproj", "{11809767-9D05-4B53-B4DF-225B551D91D5}"
EndProject
Global
	GlobalSection(SolutionConfigurationPlatforms) = preSolution
		Debug|Any CPU = Debug|Any CPU
		Release|Any CPU = Release|Any CPU
	EndGlobalSection
	GlobalSection(ProjectConfigurationPlatforms) = postSolution
		{11127A19-373B-41A5-976F-A314052EB036}.Debug|Any CPU.ActiveCfg = Debug|Any CPU
		{11127A19-373B-41A5-976F-A314052EB036}.Debug|Any CPU.Build.0 = Debug|Any CPU
		{11127A19-373B-41A5-976F-A314052EB036}.Release|Any CPU.ActiveCfg = Release|Any CPU
		{11127A19-373B-41A5-976F-A314052EB036}.Release|Any CPU.Build.0 = Release|Any CPU
		{93760846-F305-43C7-88EE-2A38F0886951}.Debug|Any CPU.ActiveCfg = Debug|Any CPU
		{93760846-F305-43C7-88EE-2A38F0886951}.Debug|Any CPU.Build.0 = Debug|Any CPU
		{93760846-F305-43C7-88EE-2A38F0886951}.Release|Any CPU.ActiveCfg = Release|Any CPU
		{93760846-F305-43C7-88EE-2A38F0886951}.Release|Any CPU.Build.0 = Release|Any CPU
		{92C7943C-3EAC-48E3-BF57-496961C7C41A}.Debug|Any CPU.ActiveCfg = Debug|Any CPU
		{92C7943C-3EAC-48E3-BF57-496961C7C41A}.Debug|Any CPU.Build.0 = Debug|Any CPU
		{92C7943C-3EAC-48E3-BF57-496961C7C41A}.Release|Any CPU.ActiveCfg = Release|Any CPU
		{92C7943C-3EAC-48E3-BF57-496961C7C41A}.Release|Any CPU.Build.0 = Release|Any CPU
		{11809767-9D05-4B53-B4DF-225B551D91D5}.Debug|Any CPU.ActiveCfg = Debug|Any CPU
		{11809767-9D05-4B53-B4DF-225B551D91D5}.Debug|Any CPU.Build.0 = Debug|Any CPU
		{11809767-9D05-4B53-B4DF-225B551D91D5}.Release|Any CPU.ActiveCfg = Release|Any CPU
		{11809767-9D05-4B53-B4DF-225B551D91D5}.Release|Any CPU.Build.0 = Release|Any CPU
	EndGlobalSection
	GlobalSection(SolutionProperties) = preSolution
		HideSolutionNode = FALSE
	EndGlobalSection
	GlobalSection(ExtensibilityGlobals) = postSolution
		SolutionGuid = {DF21FD9C-A110-4611-B02D-42325251E1FC}
	EndGlobalSection
EndGlobal
